
Microsoft Visual Studio Solution File, Format Version 12.00
# Visual Studio Version 17
VisualStudioVersion = 17.8.34525.116
MinimumVisualStudioVersion = 10.0.40219.1
Project("{9A19103F-16F7-4668-BE54-9A1E7A4F7556}") = "ManagingAccessService", "ManagingAccessService.csproj", "{DE348D67-EF80-47FD-93D3-2DDF2CDDBFC6}"
EndProject
Project("{9A19103F-16F7-4668-BE54-9A1E7A4F7556}") = "ManagingAccessService.Tests", "..\ManagingAccessService.Tests\ManagingAccessService.Tests.csproj", "{1C052438-244D-41CC-AEC3-830BF7D56981}"
EndProject
Global
	GlobalSection(SolutionConfigurationPlatforms) = preSolution
		Debug|Any CPU = Debug|Any CPU
		Release|Any CPU = Release|Any CPU
	EndGlobalSection
	GlobalSection(ProjectConfigurationPlatforms) = postSolution
		{DE348D67-EF80-47FD-93D3-2DDF2CDDBFC6}.Debug|Any CPU.ActiveCfg = Debug|Any CPU
		{DE348D67-EF80-47FD-93D3-2DDF2CDDBFC6}.Debug|Any CPU.Build.0 = Debug|Any CPU
		{DE348D67-EF80-47FD-93D3-2DDF2CDDBFC6}.Release|Any CPU.ActiveCfg = Release|Any CPU
		{DE348D67-EF80-47FD-93D3-2DDF2CDDBFC6}.Release|Any CPU.Build.0 = Release|Any CPU
		{1C052438-244D-41CC-AEC3-830BF7D56981}.Debug|Any CPU.ActiveCfg = Debug|Any CPU
		{1C052438-244D-41CC-AEC3-830BF7D56981}.Debug|Any CPU.Build.0 = Debug|Any CPU
		{1C052438-244D-41CC-AEC3-830BF7D56981}.Release|Any CPU.ActiveCfg = Release|Any CPU
		{1C052438-244D-41CC-AEC3-830BF7D56981}.Release|Any CPU.Build.0 = Release|Any CPU
	EndGlobalSection
	GlobalSection(SolutionProperties) = preSolution
		HideSolutionNode = FALSE
	EndGlobalSection
	GlobalSection(ExtensibilityGlobals) = postSolution
		SolutionGuid = {CE6D0A86-CAF4-4E6F-A41F-A6122590E50B}
	EndGlobalSection
EndGlobal
